
Microsoft Visual Studio Solution File, Format Version 12.00
# Visual Studio 14
VisualStudioVersion = 14.0.25123.0
MinimumVisualStudioVersion = 10.0.40219.1
Project("{FAE04EC0-301F-11D3-BF4B-00C04F79EFBC}") = "RSA2048Sharp", "RSA2048Sharp.csproj", "{3BF5F581-4BDA-4BB7-983C-069C4B7695BD}"
EndProject
Global
	GlobalSection(SolutionConfigurationPlatforms) = preSolution
		Debug|Any CPU = Debug|Any CPU
		Release|Any CPU = Release|Any CPU
	EndGlobalSection
	GlobalSection(ProjectConfigurationPlatforms) = postSolution
		{3BF5F581-4BDA-4BB7-983C-069C4B7695BD}.Debug|Any CPU.ActiveCfg = Debug|x86
		{3BF5F581-4BDA-4BB7-983C-069C4B7695BD}.Debug|Any CPU.Build.0 = Debug|x86
		{3BF5F581-4BDA-4BB7-983C-069C4B7695BD}.Release|Any CPU.ActiveCfg = Release|Any CPU
		{3BF5F581-4BDA-4BB7-983C-069C4B7695BD}.Release|Any CPU.Build.0 = Release|Any CPU
	EndGlobalSection
	GlobalSection(SolutionProperties) = preSolution
		HideSolutionNode = FALSE
	EndGlobalSection
EndGlobal
